<?xml version="1.0" encoding="utf-8"?>
<Project ToolsVersion="4.0" xmlns="http://schemas.microsoft.com/developer/msbuild/2003">
  <ItemGroup>
    <Filter Include="Quelldateien">
      <UniqueIdentifier>{4FC737F1-C7A5-4376-A066-2A32D752A2FF}</UniqueIdentifier>
      <Extensions>cpp;c;cc;cxx;def;odl;idl;hpj;bat;asm;asmx</Extensions>
    </Filter>
    <Filter Include="Headerdateien">
      <UniqueIdentifier>{93995380-89BD-4b04-88EB-625FBE52EBFB}</UniqueIdentifier>
      <Extensions>h;hpp;hxx;hm;inl;inc;xsd</Extensions>
    </Filter>
    <Filter Include="Ressourcendateien">
      <UniqueIdentifier>{67DA6AB6-F800-4c08-8B7A-83BB121AAD01}</UniqueIdentifier>
      <Extensions>rc;ico;cur;bmp;dlg;rc2;rct;bin;rgs;gif;jpg;jpeg;jpe;resx;tiff;tif;png;wav;mfcribbon-ms</Extensions>
    </Filter>
    <Filter Include="xftmpls">
      <UniqueIdentifier>{73e4043a-d275-4027-9415-c1005d0dce73}</UniqueIdentifier>
    </Filter>
  </ItemGroup>
  <ItemGroup>
    <Midl Include="..\..\wine\include\msxml.idl">
      <Filter>Headerdateien</Filter>
    </Midl>
    <Midl Include="..\..\wine\include\oaidl.idl">
      <Filter>Headerdateien</Filter>
    </Midl>
    <Midl Include="..\..\wine\include\objidl.idl">
      <Filter>Headerdateien</Filter>
    </Midl>
    <Midl Include="..\..\wine\include\oleidl.idl">
      <Filter>Headerdateien</Filter>
    </Midl>
    <Midl Include="..\..\wine\include\propidl.idl">
      <Filter>Headerdateien</Filter>
    </Midl>
    <Midl Include="..\..\wine\include\servprov.idl">
      <Filter>Headerdateien</Filter>
    </Midl>
    <Midl Include="..\..\wine\include\unknwn.idl">
      <Filter>Headerdateien</Filter>
    </Midl>
    <Midl Include="..\..\wine\include\urlmon.idl">
      <Filter>Headerdateien</Filter>
    </Midl>
    <Midl Include="..\..\wine\include\wtypes.idl">
      <Filter>Headerdateien</Filter>
    </Midl>
    <Midl Include="..\..\wine\include\atliface.idl">
      <Filter>Headerdateien</Filter>
    </Midl>
    <Midl Include="..\..\wine\include\ocidl.idl">
      <Filter>Headerdateien</Filter>
    </Midl>
    <Midl Include="..\..\wine\include\wincodec.idl">
      <Filter>Headerdateien</Filter>
    </Midl>
    <Midl Include="..\..\wine\include\d3dcommon.idl">
      <Filter>Headerdateien</Filter>
    </Midl>
    <Midl Include="..\..\wine\include\d3d10.idl">
      <Filter>Headerdateien</Filter>
    </Midl>
    <Midl Include="..\..\wine\include\dxgi.idl">
      <Filter>Headerdateien</Filter>
    </Midl>
    <Midl Include="..\..\wine\include\wine\winedxgi.idl">
      <Filter>Headerdateien</Filter>
    </Midl>
    <Midl Include="..\..\wine\include\d3d10_1.idl">
      <Filter>Headerdateien</Filter>
    </Midl>
    <Midl Include="..\..\wine\include\d3d11.idl">
      <Filter>Headerdateien</Filter>
    </Midl>
    <Midl Include="..\..\wine\include\d3d11sdklayers.idl">
      <Filter>Headerdateien</Filter>
    </Midl>
    <Midl Include="..\..\wine\include\mmdeviceapi.idl">
      <Filter>Headerdateien</Filter>
    </Midl>
    <Midl Include="..\..\wine\include\audioclient.idl">
      <Filter>Headerdateien</Filter>
    </Midl>
    <Midl Include="..\..\wine\include\propsys.idl">
      <Filter>Headerdateien</Filter>
    </Midl>
    <Midl Include="..\..\wine\include\shtypes.idl">
      <Filter>Headerdateien</Filter>
    </Midl>
    <Midl Include="..\..\wine\include\structuredquerycondition.idl">
      <Filter>Headerdateien</Filter>
    </Midl>
    <Midl Include="..\..\wine\include\shobjidl.idl">
      <Filter>Headerdateien</Filter>
    </Midl>
    <Midl Include="..\..\wine\include\docobj.idl">
      <Filter>Headerdateien</Filter>
    </Midl>
    <Midl Include="..\..\wine\include\comcat.idl">
      <Filter>Headerdateien</Filter>
    </Midl>
    <Midl Include="..\..\wine\include\strmif.idl">
      <Filter>Headerdateien</Filter>
    </Midl>
    <Midl Include="..\..\wine\include\mediaobj.idl">
      <Filter>Headerdateien</Filter>
    </Midl>
    <Midl Include="..\..\wine\include\d3d11_1.idl">
      <Filter>Headerdateien</Filter>
    </Midl>
    <Midl Include="..\..\wine\include\dxgi1_2.idl">
      <Filter>Headerdateien</Filter>
    </Midl>
    <Midl Include="..\..\wine\include\d3dx10core.idl">
      <Filter>Headerdateien</Filter>
    </Midl>
  </ItemGroup>
  <ItemGroup>
    <CustomBuild Include="..\..\wine\include\rmxftmpl.x">
      <Filter>xftmpls</Filter>
    </CustomBuild>
  </ItemGroup>
</Project>