
Microsoft Visual Studio Solution File, Format Version 12.00
# Visual Studio 14
VisualStudioVersion = 14.0.24720.0
MinimumVisualStudioVersion = 10.0.40219.1
Project("{8BC9CEB8-8B4A-11D0-8D11-00A0C91BC942}") = "wined3d", "wined3d\wined3d.vcxproj", "{B697AFDB-BA64-4D7D-8486-5E6726253359}"
	ProjectSection(ProjectDependencies) = postProject
		{BEE0310B-2BDE-47D4-BC06-6B95CABC354F} = {BEE0310B-2BDE-47D4-BC06-6B95CABC354F}
		{71521DAF-90A8-45F7-81C1-F4A5CE8707DA} = {71521DAF-90A8-45F7-81C1-F4A5CE8707DA}
		{0496AECD-CBE7-4502-BDDF-0C76649B2FFF} = {0496AECD-CBE7-4502-BDDF-0C76649B2FFF}
	EndProjectSection
EndProject
Project("{8BC9CEB8-8B4A-11D0-8D11-00A0C91BC942}") = "libwine", "libwine\libwine.vcxproj", "{0496AECD-CBE7-4502-BDDF-0C76649B2FFF}"
	ProjectSection(ProjectDependencies) = postProject
		{BEE0310B-2BDE-47D4-BC06-6B95CABC354F} = {BEE0310B-2BDE-47D4-BC06-6B95CABC354F}
	EndProjectSection
EndProject
Project("{8BC9CEB8-8B4A-11D0-8D11-00A0C91BC942}") = "libport", "libport\libport.vcxproj", "{BEE0310B-2BDE-47D4-BC06-6B95CABC354F}"
EndProject
Project("{8BC9CEB8-8B4A-11D0-8D11-00A0C91BC942}") = "d3d9", "d3d9\d3d9.vcxproj", "{5DC3CBC6-E845-4AC1-8E46-CD703186CA46}"
	ProjectSection(ProjectDependencies) = postProject
		{BEE0310B-2BDE-47D4-BC06-6B95CABC354F} = {BEE0310B-2BDE-47D4-BC06-6B95CABC354F}
		{0496AECD-CBE7-4502-BDDF-0C76649B2FFF} = {0496AECD-CBE7-4502-BDDF-0C76649B2FFF}
		{B697AFDB-BA64-4D7D-8486-5E6726253359} = {B697AFDB-BA64-4D7D-8486-5E6726253359}
	EndProjectSection
EndProject
Project("{8BC9CEB8-8B4A-11D0-8D11-00A0C91BC942}") = "d3d8", "d3d8\d3d8.vcxproj", "{761F2C25-9EF9-4C39-ADC5-F0BEAFC21955}"
	ProjectSection(ProjectDependencies) = postProject
		{BEE0310B-2BDE-47D4-BC06-6B95CABC354F} = {BEE0310B-2BDE-47D4-BC06-6B95CABC354F}
		{0496AECD-CBE7-4502-BDDF-0C76649B2FFF} = {0496AECD-CBE7-4502-BDDF-0C76649B2FFF}
		{B697AFDB-BA64-4D7D-8486-5E6726253359} = {B697AFDB-BA64-4D7D-8486-5E6726253359}
	EndProjectSection
EndProject
Project("{8BC9CEB8-8B4A-11D0-8D11-00A0C91BC942}") = "d3d9_tests", "d3d9_tests\d3d9_tests.vcxproj", "{153CB3F2-846E-453E-9E4F-72388AC2F24C}"
	ProjectSection(ProjectDependencies) = postProject
		{71521DAF-90A8-45F7-81C1-F4A5CE8707DA} = {71521DAF-90A8-45F7-81C1-F4A5CE8707DA}
	EndProjectSection
EndProject
Project("{8BC9CEB8-8B4A-11D0-8D11-00A0C91BC942}") = "d3d8_test", "d3d8_test\d3d8_test.vcxproj", "{EE6A2F82-6BB0-410F-8862-48C5E5EFF466}"
	ProjectSection(ProjectDependencies) = postProject
		{761F2C25-9EF9-4C39-ADC5-F0BEAFC21955} = {761F2C25-9EF9-4C39-ADC5-F0BEAFC21955}
		{71521DAF-90A8-45F7-81C1-F4A5CE8707DA} = {71521DAF-90A8-45F7-81C1-F4A5CE8707DA}
	EndProjectSection
EndProject
Project("{8BC9CEB8-8B4A-11D0-8D11-00A0C91BC942}") = "ddraw_test", "ddraw_test\ddraw_test.vcxproj", "{2F8E2FB9-F78B-44B9-AB27-7E52C67FDF36}"
	ProjectSection(ProjectDependencies) = postProject
		{71521DAF-90A8-45F7-81C1-F4A5CE8707DA} = {71521DAF-90A8-45F7-81C1-F4A5CE8707DA}
	EndProjectSection
EndProject
Project("{8BC9CEB8-8B4A-11D0-8D11-00A0C91BC942}") = "ddraw", "ddraw\ddraw.vcxproj", "{40C59165-9EB1-424B-9D69-0F19678033B0}"
	ProjectSection(ProjectDependencies) = postProject
		{BEE0310B-2BDE-47D4-BC06-6B95CABC354F} = {BEE0310B-2BDE-47D4-BC06-6B95CABC354F}
		{0496AECD-CBE7-4502-BDDF-0C76649B2FFF} = {0496AECD-CBE7-4502-BDDF-0C76649B2FFF}
		{B697AFDB-BA64-4D7D-8486-5E6726253359} = {B697AFDB-BA64-4D7D-8486-5E6726253359}
		{0611EAEF-2789-4A47-BC36-F5BD9A9167B1} = {0611EAEF-2789-4A47-BC36-F5BD9A9167B1}
	EndProjectSection
EndProject
Project("{8BC9CEB8-8B4A-11D0-8D11-00A0C91BC942}") = "d3dx9_36", "d3dx9_36\d3dx9_36.vcxproj", "{9EE85FCA-A974-4A1A-8EEA-D1BF0856EDE2}"
	ProjectSection(ProjectDependencies) = postProject
		{9903B653-72B9-41A1-85F9-DD81AD13AE6D} = {9903B653-72B9-41A1-85F9-DD81AD13AE6D}
	EndProjectSection
EndProject
Project("{8BC9CEB8-8B4A-11D0-8D11-00A0C91BC942}") = "dxguid", "dxguid\dxguid.vcxproj", "{B9D2EE27-0166-4A59-8564-5A0ABAD9402B}"
	ProjectSection(ProjectDependencies) = postProject
		{71521DAF-90A8-45F7-81C1-F4A5CE8707DA} = {71521DAF-90A8-45F7-81C1-F4A5CE8707DA}
	EndProjectSection
EndProject
Project("{8BC9CEB8-8B4A-11D0-8D11-00A0C91BC942}") = "winecrt0", "winecrt0\winecrt0.vcxproj", "{0611EAEF-2789-4A47-BC36-F5BD9A9167B1}"
	ProjectSection(ProjectDependencies) = postProject
		{BEE0310B-2BDE-47D4-BC06-6B95CABC354F} = {BEE0310B-2BDE-47D4-BC06-6B95CABC354F}
		{71521DAF-90A8-45F7-81C1-F4A5CE8707DA} = {71521DAF-90A8-45F7-81C1-F4A5CE8707DA}
		{0496AECD-CBE7-4502-BDDF-0C76649B2FFF} = {0496AECD-CBE7-4502-BDDF-0C76649B2FFF}
	EndProjectSection
EndProject
Project("{8BC9CEB8-8B4A-11D0-8D11-00A0C91BC942}") = "idls", "idls\idls.vcxproj", "{71521DAF-90A8-45F7-81C1-F4A5CE8707DA}"
	ProjectSection(ProjectDependencies) = postProject
		{99DA6755-2929-4F59-AD98-F4900094C61E} = {99DA6755-2929-4F59-AD98-F4900094C61E}
	EndProjectSection
EndProject
Project("{8BC9CEB8-8B4A-11D0-8D11-00A0C91BC942}") = "make_xftmpl", "make_xftmpl\make_xftmpl.vcxproj", "{99DA6755-2929-4F59-AD98-F4900094C61E}"
	ProjectSection(ProjectDependencies) = postProject
		{BEE0310B-2BDE-47D4-BC06-6B95CABC354F} = {BEE0310B-2BDE-47D4-BC06-6B95CABC354F}
	EndProjectSection
EndProject
Project("{8BC9CEB8-8B4A-11D0-8D11-00A0C91BC942}") = "d3dxof", "d3dxof\d3dxof.vcxproj", "{9903B653-72B9-41A1-85F9-DD81AD13AE6D}"
	ProjectSection(ProjectDependencies) = postProject
		{BEE0310B-2BDE-47D4-BC06-6B95CABC354F} = {BEE0310B-2BDE-47D4-BC06-6B95CABC354F}
		{0496AECD-CBE7-4502-BDDF-0C76649B2FFF} = {0496AECD-CBE7-4502-BDDF-0C76649B2FFF}
		{0611EAEF-2789-4A47-BC36-F5BD9A9167B1} = {0611EAEF-2789-4A47-BC36-F5BD9A9167B1}
	EndProjectSection
EndProject
Project("{8BC9CEB8-8B4A-11D0-8D11-00A0C91BC942}") = "d3dx9_tests", "d3dx9_tests\d3dx9_tests.vcxproj", "{E2F1EF1D-AA22-46F2-A0AE-C31840A84508}"
	ProjectSection(ProjectDependencies) = postProject
		{71521DAF-90A8-45F7-81C1-F4A5CE8707DA} = {71521DAF-90A8-45F7-81C1-F4A5CE8707DA}
		{9EE85FCA-A974-4A1A-8EEA-D1BF0856EDE2} = {9EE85FCA-A974-4A1A-8EEA-D1BF0856EDE2}
	EndProjectSection
EndProject
Project("{8BC9CEB8-8B4A-11D0-8D11-00A0C91BC942}") = "makedep", "makedep\makedep.vcxproj", "{600A84E5-46BA-4D21-AB2F-5EF05457CCE2}"
	ProjectSection(ProjectDependencies) = postProject
		{BEE0310B-2BDE-47D4-BC06-6B95CABC354F} = {BEE0310B-2BDE-47D4-BC06-6B95CABC354F}
	EndProjectSection
EndProject
Project("{8BC9CEB8-8B4A-11D0-8D11-00A0C91BC942}") = "d3d10core_tests", "d3d10core_tests\d3d10core_tests.vcxproj", "{105DB8B5-5DAC-45BC-A6F7-37A24E38CA44}"
	ProjectSection(ProjectDependencies) = postProject
		{71521DAF-90A8-45F7-81C1-F4A5CE8707DA} = {71521DAF-90A8-45F7-81C1-F4A5CE8707DA}
	EndProjectSection
EndProject
Project("{8BC9CEB8-8B4A-11D0-8D11-00A0C91BC942}") = "dxgi", "dxgi\dxgi.vcxproj", "{C4A58009-AC6F-48DF-8948-653FFBD22AA1}"
	ProjectSection(ProjectDependencies) = postProject
		{BEE0310B-2BDE-47D4-BC06-6B95CABC354F} = {BEE0310B-2BDE-47D4-BC06-6B95CABC354F}
		{71521DAF-90A8-45F7-81C1-F4A5CE8707DA} = {71521DAF-90A8-45F7-81C1-F4A5CE8707DA}
		{0496AECD-CBE7-4502-BDDF-0C76649B2FFF} = {0496AECD-CBE7-4502-BDDF-0C76649B2FFF}
		{B697AFDB-BA64-4D7D-8486-5E6726253359} = {B697AFDB-BA64-4D7D-8486-5E6726253359}
	EndProjectSection
EndProject
Project("{8BC9CEB8-8B4A-11D0-8D11-00A0C91BC942}") = "d3d10core", "d3d10core\d3d10core.vcxproj", "{EFD5E7AA-151F-412C-A1BF-C4D68E18968C}"
	ProjectSection(ProjectDependencies) = postProject
		{C4A58009-AC6F-48DF-8948-653FFBD22AA1} = {C4A58009-AC6F-48DF-8948-653FFBD22AA1}
		{BEE0310B-2BDE-47D4-BC06-6B95CABC354F} = {BEE0310B-2BDE-47D4-BC06-6B95CABC354F}
		{71521DAF-90A8-45F7-81C1-F4A5CE8707DA} = {71521DAF-90A8-45F7-81C1-F4A5CE8707DA}
		{0496AECD-CBE7-4502-BDDF-0C76649B2FFF} = {0496AECD-CBE7-4502-BDDF-0C76649B2FFF}
		{B697AFDB-BA64-4D7D-8486-5E6726253359} = {B697AFDB-BA64-4D7D-8486-5E6726253359}
	EndProjectSection
EndProject
Project("{8BC9CEB8-8B4A-11D0-8D11-00A0C91BC942}") = "dxgi_tests", "dxgi_tests\dxgi_tests.vcxproj", "{B8472579-A59D-4B54-AAE4-72FF8EAE87C4}"
	ProjectSection(ProjectDependencies) = postProject
		{71521DAF-90A8-45F7-81C1-F4A5CE8707DA} = {71521DAF-90A8-45F7-81C1-F4A5CE8707DA}
	EndProjectSection
EndProject
Project("{8BC9CEB8-8B4A-11D0-8D11-00A0C91BC942}") = "dsound", "dsound\dsound.vcxproj", "{E6274277-D8C5-486E-A750-85093B89875C}"
	ProjectSection(ProjectDependencies) = postProject
		{B9D2EE27-0166-4A59-8564-5A0ABAD9402B} = {B9D2EE27-0166-4A59-8564-5A0ABAD9402B}
		{71521DAF-90A8-45F7-81C1-F4A5CE8707DA} = {71521DAF-90A8-45F7-81C1-F4A5CE8707DA}
		{0496AECD-CBE7-4502-BDDF-0C76649B2FFF} = {0496AECD-CBE7-4502-BDDF-0C76649B2FFF}
		{0611EAEF-2789-4A47-BC36-F5BD9A9167B1} = {0611EAEF-2789-4A47-BC36-F5BD9A9167B1}
	EndProjectSection
EndProject
Project("{8BC9CEB8-8B4A-11D0-8D11-00A0C91BC942}") = "d3drm", "d3drm\d3drm.vcxproj", "{81104733-823F-43B4-9104-32869F92F108}"
	ProjectSection(ProjectDependencies) = postProject
		{9903B653-72B9-41A1-85F9-DD81AD13AE6D} = {9903B653-72B9-41A1-85F9-DD81AD13AE6D}
		{0496AECD-CBE7-4502-BDDF-0C76649B2FFF} = {0496AECD-CBE7-4502-BDDF-0C76649B2FFF}
	EndProjectSection
EndProject
Project("{8BC9CEB8-8B4A-11D0-8D11-00A0C91BC942}") = "d3drm_tests", "d3drm_tests\d3drm_tests.vcxproj", "{1E4889AB-7B33-407E-98D9-E47743E9026F}"
	ProjectSection(ProjectDependencies) = postProject
		{81104733-823F-43B4-9104-32869F92F108} = {81104733-823F-43B4-9104-32869F92F108}
	EndProjectSection
EndProject
Project("{8BC9CEB8-8B4A-11D0-8D11-00A0C91BC942}") = "d3d11", "d3d11\d3d11.vcxproj", "{8D27D969-10CA-4215-A040-3EF49CDA088D}"
EndProject
Project("{8BC9CEB8-8B4A-11D0-8D11-00A0C91BC942}") = "d3d11_tests", "d3d11_tests\d3d11_tests.vcxproj", "{0CF96EE6-1B61-43EC-9756-611B8C4FE329}"
	ProjectSection(ProjectDependencies) = postProject
		{71521DAF-90A8-45F7-81C1-F4A5CE8707DA} = {71521DAF-90A8-45F7-81C1-F4A5CE8707DA}
	EndProjectSection
EndProject
Global
	GlobalSection(SolutionConfigurationPlatforms) = preSolution
		Debug|Win32 = Debug|Win32
		Debug|x64 = Debug|x64
		Release|Win32 = Release|Win32
		Release|x64 = Release|x64
	EndGlobalSection
	GlobalSection(ProjectConfigurationPlatforms) = postSolution
		{B697AFDB-BA64-4D7D-8486-5E6726253359}.Debug|Win32.ActiveCfg = Debug|Win32
		{B697AFDB-BA64-4D7D-8486-5E6726253359}.Debug|Win32.Build.0 = Debug|Win32
		{B697AFDB-BA64-4D7D-8486-5E6726253359}.Debug|x64.ActiveCfg = Debug|Win32
		{B697AFDB-BA64-4D7D-8486-5E6726253359}.Release|Win32.ActiveCfg = Release|Win32
		{B697AFDB-BA64-4D7D-8486-5E6726253359}.Release|Win32.Build.0 = Release|Win32
		{B697AFDB-BA64-4D7D-8486-5E6726253359}.Release|x64.ActiveCfg = Release|Win32
		{0496AECD-CBE7-4502-BDDF-0C76649B2FFF}.Debug|Win32.ActiveCfg = Debug|Win32
		{0496AECD-CBE7-4502-BDDF-0C76649B2FFF}.Debug|Win32.Build.0 = Debug|Win32
		{0496AECD-CBE7-4502-BDDF-0C76649B2FFF}.Debug|x64.ActiveCfg = Debug|Win32
		{0496AECD-CBE7-4502-BDDF-0C76649B2FFF}.Release|Win32.ActiveCfg = Release|Win32
		{0496AECD-CBE7-4502-BDDF-0C76649B2FFF}.Release|Win32.Build.0 = Release|Win32
		{0496AECD-CBE7-4502-BDDF-0C76649B2FFF}.Release|x64.ActiveCfg = Release|Win32
		{BEE0310B-2BDE-47D4-BC06-6B95CABC354F}.Debug|Win32.ActiveCfg = Debug|Win32
		{BEE0310B-2BDE-47D4-BC06-6B95CABC354F}.Debug|Win32.Build.0 = Debug|Win32
		{BEE0310B-2BDE-47D4-BC06-6B95CABC354F}.Debug|x64.ActiveCfg = Debug|Win32
		{BEE0310B-2BDE-47D4-BC06-6B95CABC354F}.Release|Win32.ActiveCfg = Release|Win32
		{BEE0310B-2BDE-47D4-BC06-6B95CABC354F}.Release|Win32.Build.0 = Release|Win32
		{BEE0310B-2BDE-47D4-BC06-6B95CABC354F}.Release|x64.ActiveCfg = Release|Win32
		{5DC3CBC6-E845-4AC1-8E46-CD703186CA46}.Debug|Win32.ActiveCfg = Debug|Win32
		{5DC3CBC6-E845-4AC1-8E46-CD703186CA46}.Debug|Win32.Build.0 = Debug|Win32
		{5DC3CBC6-E845-4AC1-8E46-CD703186CA46}.Debug|x64.ActiveCfg = Debug|Win32
		{5DC3CBC6-E845-4AC1-8E46-CD703186CA46}.Release|Win32.ActiveCfg = Release|Win32
		{5DC3CBC6-E845-4AC1-8E46-CD703186CA46}.Release|Win32.Build.0 = Release|Win32
		{5DC3CBC6-E845-4AC1-8E46-CD703186CA46}.Release|x64.ActiveCfg = Release|Win32
		{761F2C25-9EF9-4C39-ADC5-F0BEAFC21955}.Debug|Win32.ActiveCfg = Debug|Win32
		{761F2C25-9EF9-4C39-ADC5-F0BEAFC21955}.Debug|Win32.Build.0 = Debug|Win32
		{761F2C25-9EF9-4C39-ADC5-F0BEAFC21955}.Debug|x64.ActiveCfg = Debug|Win32
		{761F2C25-9EF9-4C39-ADC5-F0BEAFC21955}.Release|Win32.ActiveCfg = Release|Win32
		{761F2C25-9EF9-4C39-ADC5-F0BEAFC21955}.Release|Win32.Build.0 = Release|Win32
		{761F2C25-9EF9-4C39-ADC5-F0BEAFC21955}.Release|x64.ActiveCfg = Release|Win32
		{153CB3F2-846E-453E-9E4F-72388AC2F24C}.Debug|Win32.ActiveCfg = Debug|Win32
		{153CB3F2-846E-453E-9E4F-72388AC2F24C}.Debug|Win32.Build.0 = Debug|Win32
		{153CB3F2-846E-453E-9E4F-72388AC2F24C}.Debug|x64.ActiveCfg = Debug|Win32
		{153CB3F2-846E-453E-9E4F-72388AC2F24C}.Release|Win32.ActiveCfg = Release|Win32
		{153CB3F2-846E-453E-9E4F-72388AC2F24C}.Release|Win32.Build.0 = Release|Win32
		{153CB3F2-846E-453E-9E4F-72388AC2F24C}.Release|x64.ActiveCfg = Release|Win32
		{EE6A2F82-6BB0-410F-8862-48C5E5EFF466}.Debug|Win32.ActiveCfg = Debug|Win32
		{EE6A2F82-6BB0-410F-8862-48C5E5EFF466}.Debug|Win32.Build.0 = Debug|Win32
		{EE6A2F82-6BB0-410F-8862-48C5E5EFF466}.Debug|x64.ActiveCfg = Debug|Win32
		{EE6A2F82-6BB0-410F-8862-48C5E5EFF466}.Release|Win32.ActiveCfg = Release|Win32
		{EE6A2F82-6BB0-410F-8862-48C5E5EFF466}.Release|Win32.Build.0 = Release|Win32
		{EE6A2F82-6BB0-410F-8862-48C5E5EFF466}.Release|x64.ActiveCfg = Release|Win32
		{2F8E2FB9-F78B-44B9-AB27-7E52C67FDF36}.Debug|Win32.ActiveCfg = Debug|Win32
		{2F8E2FB9-F78B-44B9-AB27-7E52C67FDF36}.Debug|Win32.Build.0 = Debug|Win32
		{2F8E2FB9-F78B-44B9-AB27-7E52C67FDF36}.Debug|x64.ActiveCfg = Debug|Win32
		{2F8E2FB9-F78B-44B9-AB27-7E52C67FDF36}.Release|Win32.ActiveCfg = Release|Win32
		{2F8E2FB9-F78B-44B9-AB27-7E52C67FDF36}.Release|Win32.Build.0 = Release|Win32
		{2F8E2FB9-F78B-44B9-AB27-7E52C67FDF36}.Release|x64.ActiveCfg = Release|Win32
		{40C59165-9EB1-424B-9D69-0F19678033B0}.Debug|Win32.ActiveCfg = Debug|Win32
		{40C59165-9EB1-424B-9D69-0F19678033B0}.Debug|Win32.Build.0 = Debug|Win32
		{40C59165-9EB1-424B-9D69-0F19678033B0}.Debug|x64.ActiveCfg = Debug|Win32
		{40C59165-9EB1-424B-9D69-0F19678033B0}.Release|Win32.ActiveCfg = Release|Win32
		{40C59165-9EB1-424B-9D69-0F19678033B0}.Release|Win32.Build.0 = Release|Win32
		{40C59165-9EB1-424B-9D69-0F19678033B0}.Release|x64.ActiveCfg = Release|Win32
		{9EE85FCA-A974-4A1A-8EEA-D1BF0856EDE2}.Debug|Win32.ActiveCfg = Debug|Win32
		{9EE85FCA-A974-4A1A-8EEA-D1BF0856EDE2}.Debug|Win32.Build.0 = Debug|Win32
		{9EE85FCA-A974-4A1A-8EEA-D1BF0856EDE2}.Debug|x64.ActiveCfg = Debug|Win32
		{9EE85FCA-A974-4A1A-8EEA-D1BF0856EDE2}.Release|Win32.ActiveCfg = Release|Win32
		{9EE85FCA-A974-4A1A-8EEA-D1BF0856EDE2}.Release|Win32.Build.0 = Release|Win32
		{9EE85FCA-A974-4A1A-8EEA-D1BF0856EDE2}.Release|x64.ActiveCfg = Release|Win32
		{B9D2EE27-0166-4A59-8564-5A0ABAD9402B}.Debug|Win32.ActiveCfg = Debug|Win32
		{B9D2EE27-0166-4A59-8564-5A0ABAD9402B}.Debug|x64.ActiveCfg = Debug|Win32
		{B9D2EE27-0166-4A59-8564-5A0ABAD9402B}.Release|Win32.ActiveCfg = Release|Win32
		{B9D2EE27-0166-4A59-8564-5A0ABAD9402B}.Release|x64.ActiveCfg = Release|Win32
		{0611EAEF-2789-4A47-BC36-F5BD9A9167B1}.Debug|Win32.ActiveCfg = Debug|Win32
		{0611EAEF-2789-4A47-BC36-F5BD9A9167B1}.Debug|Win32.Build.0 = Debug|Win32
		{0611EAEF-2789-4A47-BC36-F5BD9A9167B1}.Debug|x64.ActiveCfg = Debug|Win32
		{0611EAEF-2789-4A47-BC36-F5BD9A9167B1}.Release|Win32.ActiveCfg = Release|Win32
		{0611EAEF-2789-4A47-BC36-F5BD9A9167B1}.Release|Win32.Build.0 = Release|Win32
		{0611EAEF-2789-4A47-BC36-F5BD9A9167B1}.Release|x64.ActiveCfg = Release|Win32
		{71521DAF-90A8-45F7-81C1-F4A5CE8707DA}.Debug|Win32.ActiveCfg = Debug|Win32
		{71521DAF-90A8-45F7-81C1-F4A5CE8707DA}.Debug|Win32.Build.0 = Debug|Win32
		{71521DAF-90A8-45F7-81C1-F4A5CE8707DA}.Debug|x64.ActiveCfg = Debug|Win32
		{71521DAF-90A8-45F7-81C1-F4A5CE8707DA}.Release|Win32.ActiveCfg = Release|Win32
		{71521DAF-90A8-45F7-81C1-F4A5CE8707DA}.Release|Win32.Build.0 = Release|Win32
		{71521DAF-90A8-45F7-81C1-F4A5CE8707DA}.Release|x64.ActiveCfg = Release|Win32
		{99DA6755-2929-4F59-AD98-F4900094C61E}.Debug|Win32.ActiveCfg = Debug|Win32
		{99DA6755-2929-4F59-AD98-F4900094C61E}.Debug|Win32.Build.0 = Debug|Win32
		{99DA6755-2929-4F59-AD98-F4900094C61E}.Debug|x64.ActiveCfg = Debug|Win32
		{99DA6755-2929-4F59-AD98-F4900094C61E}.Release|Win32.ActiveCfg = Release|Win32
		{99DA6755-2929-4F59-AD98-F4900094C61E}.Release|Win32.Build.0 = Release|Win32
		{99DA6755-2929-4F59-AD98-F4900094C61E}.Release|x64.ActiveCfg = Release|Win32
		{9903B653-72B9-41A1-85F9-DD81AD13AE6D}.Debug|Win32.ActiveCfg = Debug|Win32
		{9903B653-72B9-41A1-85F9-DD81AD13AE6D}.Debug|Win32.Build.0 = Debug|Win32
		{9903B653-72B9-41A1-85F9-DD81AD13AE6D}.Debug|x64.ActiveCfg = Debug|Win32
		{9903B653-72B9-41A1-85F9-DD81AD13AE6D}.Release|Win32.ActiveCfg = Release|Win32
		{9903B653-72B9-41A1-85F9-DD81AD13AE6D}.Release|Win32.Build.0 = Release|Win32
		{9903B653-72B9-41A1-85F9-DD81AD13AE6D}.Release|x64.ActiveCfg = Release|Win32
		{E2F1EF1D-AA22-46F2-A0AE-C31840A84508}.Debug|Win32.ActiveCfg = Debug|Win32
		{E2F1EF1D-AA22-46F2-A0AE-C31840A84508}.Debug|Win32.Build.0 = Debug|Win32
		{E2F1EF1D-AA22-46F2-A0AE-C31840A84508}.Debug|x64.ActiveCfg = Debug|Win32
		{E2F1EF1D-AA22-46F2-A0AE-C31840A84508}.Release|Win32.ActiveCfg = Release|Win32
		{E2F1EF1D-AA22-46F2-A0AE-C31840A84508}.Release|Win32.Build.0 = Release|Win32
		{E2F1EF1D-AA22-46F2-A0AE-C31840A84508}.Release|x64.ActiveCfg = Release|Win32
		{600A84E5-46BA-4D21-AB2F-5EF05457CCE2}.Debug|Win32.ActiveCfg = Debug|Win32
		{600A84E5-46BA-4D21-AB2F-5EF05457CCE2}.Debug|Win32.Build.0 = Debug|Win32
		{600A84E5-46BA-4D21-AB2F-5EF05457CCE2}.Debug|x64.ActiveCfg = Debug|Win32
		{600A84E5-46BA-4D21-AB2F-5EF05457CCE2}.Release|Win32.ActiveCfg = Release|Win32
		{600A84E5-46BA-4D21-AB2F-5EF05457CCE2}.Release|Win32.Build.0 = Release|Win32
		{600A84E5-46BA-4D21-AB2F-5EF05457CCE2}.Release|x64.ActiveCfg = Release|Win32
		{105DB8B5-5DAC-45BC-A6F7-37A24E38CA44}.Debug|Win32.ActiveCfg = Debug|Win32
		{105DB8B5-5DAC-45BC-A6F7-37A24E38CA44}.Debug|Win32.Build.0 = Debug|Win32
		{105DB8B5-5DAC-45BC-A6F7-37A24E38CA44}.Debug|x64.ActiveCfg = Debug|Win32
		{105DB8B5-5DAC-45BC-A6F7-37A24E38CA44}.Release|Win32.ActiveCfg = Release|Win32
		{105DB8B5-5DAC-45BC-A6F7-37A24E38CA44}.Release|Win32.Build.0 = Release|Win32
		{105DB8B5-5DAC-45BC-A6F7-37A24E38CA44}.Release|x64.ActiveCfg = Release|Win32
		{C4A58009-AC6F-48DF-8948-653FFBD22AA1}.Debug|Win32.ActiveCfg = Debug|Win32
		{C4A58009-AC6F-48DF-8948-653FFBD22AA1}.Debug|Win32.Build.0 = Debug|Win32
		{C4A58009-AC6F-48DF-8948-653FFBD22AA1}.Debug|x64.ActiveCfg = Debug|Win32
		{C4A58009-AC6F-48DF-8948-653FFBD22AA1}.Release|Win32.ActiveCfg = Release|Win32
		{C4A58009-AC6F-48DF-8948-653FFBD22AA1}.Release|Win32.Build.0 = Release|Win32
		{C4A58009-AC6F-48DF-8948-653FFBD22AA1}.Release|x64.ActiveCfg = Release|Win32
		{EFD5E7AA-151F-412C-A1BF-C4D68E18968C}.Debug|Win32.ActiveCfg = Debug|Win32
		{EFD5E7AA-151F-412C-A1BF-C4D68E18968C}.Debug|Win32.Build.0 = Debug|Win32
		{EFD5E7AA-151F-412C-A1BF-C4D68E18968C}.Debug|x64.ActiveCfg = Debug|Win32
		{EFD5E7AA-151F-412C-A1BF-C4D68E18968C}.Release|Win32.ActiveCfg = Release|Win32
		{EFD5E7AA-151F-412C-A1BF-C4D68E18968C}.Release|Win32.Build.0 = Release|Win32
		{EFD5E7AA-151F-412C-A1BF-C4D68E18968C}.Release|x64.ActiveCfg = Release|Win32
		{B8472579-A59D-4B54-AAE4-72FF8EAE87C4}.Debug|Win32.ActiveCfg = Debug|Win32
		{B8472579-A59D-4B54-AAE4-72FF8EAE87C4}.Debug|Win32.Build.0 = Debug|Win32
		{B8472579-A59D-4B54-AAE4-72FF8EAE87C4}.Debug|x64.ActiveCfg = Debug|Win32
		{B8472579-A59D-4B54-AAE4-72FF8EAE87C4}.Release|Win32.ActiveCfg = Release|Win32
		{B8472579-A59D-4B54-AAE4-72FF8EAE87C4}.Release|Win32.Build.0 = Release|Win32
		{B8472579-A59D-4B54-AAE4-72FF8EAE87C4}.Release|x64.ActiveCfg = Release|Win32
		{E6274277-D8C5-486E-A750-85093B89875C}.Debug|Win32.ActiveCfg = Debug|Win32
		{E6274277-D8C5-486E-A750-85093B89875C}.Debug|Win32.Build.0 = Debug|Win32
		{E6274277-D8C5-486E-A750-85093B89875C}.Debug|x64.ActiveCfg = Debug|Win32
		{E6274277-D8C5-486E-A750-85093B89875C}.Release|Win32.ActiveCfg = Release|Win32
		{E6274277-D8C5-486E-A750-85093B89875C}.Release|Win32.Build.0 = Release|Win32
		{E6274277-D8C5-486E-A750-85093B89875C}.Release|x64.ActiveCfg = Release|Win32
		{81104733-823F-43B4-9104-32869F92F108}.Debug|Win32.ActiveCfg = Debug|Win32
		{81104733-823F-43B4-9104-32869F92F108}.Debug|Win32.Build.0 = Debug|Win32
		{81104733-823F-43B4-9104-32869F92F108}.Debug|x64.ActiveCfg = Debug|Win32
		{81104733-823F-43B4-9104-32869F92F108}.Release|Win32.ActiveCfg = Release|Win32
		{81104733-823F-43B4-9104-32869F92F108}.Release|Win32.Build.0 = Release|Win32
		{81104733-823F-43B4-9104-32869F92F108}.Release|x64.ActiveCfg = Release|Win32
		{1E4889AB-7B33-407E-98D9-E47743E9026F}.Debug|Win32.ActiveCfg = Debug|Win32
		{1E4889AB-7B33-407E-98D9-E47743E9026F}.Debug|Win32.Build.0 = Debug|Win32
		{1E4889AB-7B33-407E-98D9-E47743E9026F}.Debug|x64.ActiveCfg = Debug|Win32
		{1E4889AB-7B33-407E-98D9-E47743E9026F}.Release|Win32.ActiveCfg = Release|Win32
		{1E4889AB-7B33-407E-98D9-E47743E9026F}.Release|Win32.Build.0 = Release|Win32
		{1E4889AB-7B33-407E-98D9-E47743E9026F}.Release|x64.ActiveCfg = Release|Win32
		{8D27D969-10CA-4215-A040-3EF49CDA088D}.Debug|Win32.ActiveCfg = Debug|Win32
		{8D27D969-10CA-4215-A040-3EF49CDA088D}.Debug|Win32.Build.0 = Debug|Win32
		{8D27D969-10CA-4215-A040-3EF49CDA088D}.Debug|x64.ActiveCfg = Debug|x64
		{8D27D969-10CA-4215-A040-3EF49CDA088D}.Debug|x64.Build.0 = Debug|x64
		{8D27D969-10CA-4215-A040-3EF49CDA088D}.Release|Win32.ActiveCfg = Release|Win32
		{8D27D969-10CA-4215-A040-3EF49CDA088D}.Release|Win32.Build.0 = Release|Win32
		{8D27D969-10CA-4215-A040-3EF49CDA088D}.Release|x64.ActiveCfg = Release|x64
		{8D27D969-10CA-4215-A040-3EF49CDA088D}.Release|x64.Build.0 = Release|x64
		{0CF96EE6-1B61-43EC-9756-611B8C4FE329}.Debug|Win32.ActiveCfg = Debug|Win32
		{0CF96EE6-1B61-43EC-9756-611B8C4FE329}.Debug|Win32.Build.0 = Debug|Win32
		{0CF96EE6-1B61-43EC-9756-611B8C4FE329}.Debug|x64.ActiveCfg = Debug|x64
		{0CF96EE6-1B61-43EC-9756-611B8C4FE329}.Debug|x64.Build.0 = Debug|x64
		{0CF96EE6-1B61-43EC-9756-611B8C4FE329}.Release|Win32.ActiveCfg = Release|Win32
		{0CF96EE6-1B61-43EC-9756-611B8C4FE329}.Release|Win32.Build.0 = Release|Win32
		{0CF96EE6-1B61-43EC-9756-611B8C4FE329}.Release|x64.ActiveCfg = Release|x64
		{0CF96EE6-1B61-43EC-9756-611B8C4FE329}.Release|x64.Build.0 = Release|x64
	EndGlobalSection
	GlobalSection(SolutionProperties) = preSolution
		HideSolutionNode = FALSE
	EndGlobalSection
EndGlobal
