
Microsoft Visual Studio Solution File, Format Version 11.00
# Visual C++ Express 2010
Project("{8BC9CEB8-8B4A-11D0-8D11-00A0C91BC942}") = "wined3d", "wined3d\wined3d.vcxproj", "{B697AFDB-BA64-4D7D-8486-5E6726253359}"
	ProjectSection(ProjectDependencies) = postProject
		{BEE0310B-2BDE-47D4-BC06-6B95CABC354F} = {BEE0310B-2BDE-47D4-BC06-6B95CABC354F}
		{0496AECD-CBE7-4502-BDDF-0C76649B2FFF} = {0496AECD-CBE7-4502-BDDF-0C76649B2FFF}
	EndProjectSection
EndProject
Project("{8BC9CEB8-8B4A-11D0-8D11-00A0C91BC942}") = "libwine", "libwine\libwine.vcxproj", "{0496AECD-CBE7-4502-BDDF-0C76649B2FFF}"
	ProjectSection(ProjectDependencies) = postProject
		{BEE0310B-2BDE-47D4-BC06-6B95CABC354F} = {BEE0310B-2BDE-47D4-BC06-6B95CABC354F}
	EndProjectSection
EndProject
Project("{8BC9CEB8-8B4A-11D0-8D11-00A0C91BC942}") = "libport", "libport\libport.vcxproj", "{BEE0310B-2BDE-47D4-BC06-6B95CABC354F}"
EndProject
Project("{8BC9CEB8-8B4A-11D0-8D11-00A0C91BC942}") = "d3d9", "d3d9\d3d9.vcxproj", "{5DC3CBC6-E845-4AC1-8E46-CD703186CA46}"
	ProjectSection(ProjectDependencies) = postProject
		{BEE0310B-2BDE-47D4-BC06-6B95CABC354F} = {BEE0310B-2BDE-47D4-BC06-6B95CABC354F}
		{0496AECD-CBE7-4502-BDDF-0C76649B2FFF} = {0496AECD-CBE7-4502-BDDF-0C76649B2FFF}
		{B697AFDB-BA64-4D7D-8486-5E6726253359} = {B697AFDB-BA64-4D7D-8486-5E6726253359}
	EndProjectSection
EndProject
Project("{8BC9CEB8-8B4A-11D0-8D11-00A0C91BC942}") = "d3d8", "d3d8\d3d8.vcxproj", "{761F2C25-9EF9-4C39-ADC5-F0BEAFC21955}"
	ProjectSection(ProjectDependencies) = postProject
		{BEE0310B-2BDE-47D4-BC06-6B95CABC354F} = {BEE0310B-2BDE-47D4-BC06-6B95CABC354F}
		{0496AECD-CBE7-4502-BDDF-0C76649B2FFF} = {0496AECD-CBE7-4502-BDDF-0C76649B2FFF}
		{B697AFDB-BA64-4D7D-8486-5E6726253359} = {B697AFDB-BA64-4D7D-8486-5E6726253359}
	EndProjectSection
EndProject
Project("{8BC9CEB8-8B4A-11D0-8D11-00A0C91BC942}") = "d3d9_tests", "d3d9_tests\d3d9_tests.vcxproj", "{153CB3F2-846E-453E-9E4F-72388AC2F24C}"
	ProjectSection(ProjectDependencies) = postProject
		{C439AF01-73AE-4CEA-996A-64D54B3BE4A9} = {C439AF01-73AE-4CEA-996A-64D54B3BE4A9}
	EndProjectSection
EndProject
Project("{8BC9CEB8-8B4A-11D0-8D11-00A0C91BC942}") = "d3d8_test", "d3d8_test\d3d8_test.vcxproj", "{EE6A2F82-6BB0-410F-8862-48C5E5EFF466}"
	ProjectSection(ProjectDependencies) = postProject
		{C439AF01-73AE-4CEA-996A-64D54B3BE4A9} = {C439AF01-73AE-4CEA-996A-64D54B3BE4A9}
	EndProjectSection
EndProject
Project("{8BC9CEB8-8B4A-11D0-8D11-00A0C91BC942}") = "ddraw_test", "ddraw_test\ddraw_test.vcxproj", "{2F8E2FB9-F78B-44B9-AB27-7E52C67FDF36}"
	ProjectSection(ProjectDependencies) = postProject
		{C439AF01-73AE-4CEA-996A-64D54B3BE4A9} = {C439AF01-73AE-4CEA-996A-64D54B3BE4A9}
	EndProjectSection
EndProject
Project("{8BC9CEB8-8B4A-11D0-8D11-00A0C91BC942}") = "ddraw", "ddraw\ddraw.vcxproj", "{40C59165-9EB1-424B-9D69-0F19678033B0}"
	ProjectSection(ProjectDependencies) = postProject
		{BEE0310B-2BDE-47D4-BC06-6B95CABC354F} = {BEE0310B-2BDE-47D4-BC06-6B95CABC354F}
		{B9D2EE27-0166-4A59-8564-5A0ABAD9402B} = {B9D2EE27-0166-4A59-8564-5A0ABAD9402B}
		{0496AECD-CBE7-4502-BDDF-0C76649B2FFF} = {0496AECD-CBE7-4502-BDDF-0C76649B2FFF}
		{B697AFDB-BA64-4D7D-8486-5E6726253359} = {B697AFDB-BA64-4D7D-8486-5E6726253359}
		{0611EAEF-2789-4A47-BC36-F5BD9A9167B1} = {0611EAEF-2789-4A47-BC36-F5BD9A9167B1}
	EndProjectSection
EndProject
Project("{8BC9CEB8-8B4A-11D0-8D11-00A0C91BC942}") = "d3dx9_36", "d3dx9_36\d3dx9_36.vcxproj", "{9EE85FCA-A974-4A1A-8EEA-D1BF0856EDE2}"
EndProject
Project("{8BC9CEB8-8B4A-11D0-8D11-00A0C91BC942}") = "dxguid", "dxguid\dxguid.vcxproj", "{B9D2EE27-0166-4A59-8564-5A0ABAD9402B}"
EndProject
Project("{8BC9CEB8-8B4A-11D0-8D11-00A0C91BC942}") = "winecrt0", "winecrt0\winecrt0.vcxproj", "{0611EAEF-2789-4A47-BC36-F5BD9A9167B1}"
	ProjectSection(ProjectDependencies) = postProject
		{BEE0310B-2BDE-47D4-BC06-6B95CABC354F} = {BEE0310B-2BDE-47D4-BC06-6B95CABC354F}
		{0496AECD-CBE7-4502-BDDF-0C76649B2FFF} = {0496AECD-CBE7-4502-BDDF-0C76649B2FFF}
	EndProjectSection
EndProject
Project("{8BC9CEB8-8B4A-11D0-8D11-00A0C91BC942}") = "make_ctests", "make_ctests\make_ctests.vcxproj", "{C439AF01-73AE-4CEA-996A-64D54B3BE4A9}"
EndProject
Global
	GlobalSection(SolutionConfigurationPlatforms) = preSolution
		Debug|Win32 = Debug|Win32
		Release|Win32 = Release|Win32
	EndGlobalSection
	GlobalSection(ProjectConfigurationPlatforms) = postSolution
		{B697AFDB-BA64-4D7D-8486-5E6726253359}.Debug|Win32.ActiveCfg = Release|Win32
		{B697AFDB-BA64-4D7D-8486-5E6726253359}.Debug|Win32.Build.0 = Release|Win32
		{B697AFDB-BA64-4D7D-8486-5E6726253359}.Release|Win32.ActiveCfg = Release|Win32
		{B697AFDB-BA64-4D7D-8486-5E6726253359}.Release|Win32.Build.0 = Release|Win32
		{0496AECD-CBE7-4502-BDDF-0C76649B2FFF}.Debug|Win32.ActiveCfg = Release|Win32
		{0496AECD-CBE7-4502-BDDF-0C76649B2FFF}.Debug|Win32.Build.0 = Release|Win32
		{0496AECD-CBE7-4502-BDDF-0C76649B2FFF}.Release|Win32.ActiveCfg = Release|Win32
		{0496AECD-CBE7-4502-BDDF-0C76649B2FFF}.Release|Win32.Build.0 = Release|Win32
		{BEE0310B-2BDE-47D4-BC06-6B95CABC354F}.Debug|Win32.ActiveCfg = Release|Win32
		{BEE0310B-2BDE-47D4-BC06-6B95CABC354F}.Debug|Win32.Build.0 = Release|Win32
		{BEE0310B-2BDE-47D4-BC06-6B95CABC354F}.Release|Win32.ActiveCfg = Release|Win32
		{BEE0310B-2BDE-47D4-BC06-6B95CABC354F}.Release|Win32.Build.0 = Release|Win32
		{5DC3CBC6-E845-4AC1-8E46-CD703186CA46}.Debug|Win32.ActiveCfg = Release|Win32
		{5DC3CBC6-E845-4AC1-8E46-CD703186CA46}.Debug|Win32.Build.0 = Release|Win32
		{5DC3CBC6-E845-4AC1-8E46-CD703186CA46}.Release|Win32.ActiveCfg = Release|Win32
		{5DC3CBC6-E845-4AC1-8E46-CD703186CA46}.Release|Win32.Build.0 = Release|Win32
		{761F2C25-9EF9-4C39-ADC5-F0BEAFC21955}.Debug|Win32.ActiveCfg = Release|Win32
		{761F2C25-9EF9-4C39-ADC5-F0BEAFC21955}.Debug|Win32.Build.0 = Release|Win32
		{761F2C25-9EF9-4C39-ADC5-F0BEAFC21955}.Release|Win32.ActiveCfg = Release|Win32
		{761F2C25-9EF9-4C39-ADC5-F0BEAFC21955}.Release|Win32.Build.0 = Release|Win32
		{153CB3F2-846E-453E-9E4F-72388AC2F24C}.Debug|Win32.ActiveCfg = Release|Win32
		{153CB3F2-846E-453E-9E4F-72388AC2F24C}.Debug|Win32.Build.0 = Release|Win32
		{153CB3F2-846E-453E-9E4F-72388AC2F24C}.Release|Win32.ActiveCfg = Release|Win32
		{153CB3F2-846E-453E-9E4F-72388AC2F24C}.Release|Win32.Build.0 = Release|Win32
		{EE6A2F82-6BB0-410F-8862-48C5E5EFF466}.Debug|Win32.ActiveCfg = Release|Win32
		{EE6A2F82-6BB0-410F-8862-48C5E5EFF466}.Debug|Win32.Build.0 = Release|Win32
		{EE6A2F82-6BB0-410F-8862-48C5E5EFF466}.Release|Win32.ActiveCfg = Release|Win32
		{EE6A2F82-6BB0-410F-8862-48C5E5EFF466}.Release|Win32.Build.0 = Release|Win32
		{2F8E2FB9-F78B-44B9-AB27-7E52C67FDF36}.Debug|Win32.ActiveCfg = Release|Win32
		{2F8E2FB9-F78B-44B9-AB27-7E52C67FDF36}.Debug|Win32.Build.0 = Release|Win32
		{2F8E2FB9-F78B-44B9-AB27-7E52C67FDF36}.Release|Win32.ActiveCfg = Release|Win32
		{2F8E2FB9-F78B-44B9-AB27-7E52C67FDF36}.Release|Win32.Build.0 = Release|Win32
		{40C59165-9EB1-424B-9D69-0F19678033B0}.Debug|Win32.ActiveCfg = Release|Win32
		{40C59165-9EB1-424B-9D69-0F19678033B0}.Debug|Win32.Build.0 = Release|Win32
		{40C59165-9EB1-424B-9D69-0F19678033B0}.Release|Win32.ActiveCfg = Release|Win32
		{40C59165-9EB1-424B-9D69-0F19678033B0}.Release|Win32.Build.0 = Release|Win32
		{9EE85FCA-A974-4A1A-8EEA-D1BF0856EDE2}.Debug|Win32.ActiveCfg = Debug|Win32
		{9EE85FCA-A974-4A1A-8EEA-D1BF0856EDE2}.Debug|Win32.Build.0 = Debug|Win32
		{9EE85FCA-A974-4A1A-8EEA-D1BF0856EDE2}.Release|Win32.ActiveCfg = Release|Win32
		{9EE85FCA-A974-4A1A-8EEA-D1BF0856EDE2}.Release|Win32.Build.0 = Release|Win32
		{B9D2EE27-0166-4A59-8564-5A0ABAD9402B}.Debug|Win32.ActiveCfg = Debug|Win32
		{B9D2EE27-0166-4A59-8564-5A0ABAD9402B}.Debug|Win32.Build.0 = Debug|Win32
		{B9D2EE27-0166-4A59-8564-5A0ABAD9402B}.Release|Win32.ActiveCfg = Release|Win32
		{B9D2EE27-0166-4A59-8564-5A0ABAD9402B}.Release|Win32.Build.0 = Release|Win32
		{0611EAEF-2789-4A47-BC36-F5BD9A9167B1}.Debug|Win32.ActiveCfg = Debug|Win32
		{0611EAEF-2789-4A47-BC36-F5BD9A9167B1}.Debug|Win32.Build.0 = Debug|Win32
		{0611EAEF-2789-4A47-BC36-F5BD9A9167B1}.Release|Win32.ActiveCfg = Release|Win32
		{0611EAEF-2789-4A47-BC36-F5BD9A9167B1}.Release|Win32.Build.0 = Release|Win32
		{C439AF01-73AE-4CEA-996A-64D54B3BE4A9}.Debug|Win32.ActiveCfg = Debug|Win32
		{C439AF01-73AE-4CEA-996A-64D54B3BE4A9}.Debug|Win32.Build.0 = Debug|Win32
		{C439AF01-73AE-4CEA-996A-64D54B3BE4A9}.Release|Win32.ActiveCfg = Release|Win32
		{C439AF01-73AE-4CEA-996A-64D54B3BE4A9}.Release|Win32.Build.0 = Release|Win32
	EndGlobalSection
	GlobalSection(SolutionProperties) = preSolution
		HideSolutionNode = FALSE
	EndGlobalSection
EndGlobal
